
Microsoft Visual Studio Solution File, Format Version 12.00
# Visual Studio Version 17
VisualStudioVersion = 17.10.34928.147
MinimumVisualStudioVersion = 10.0.40219.1
Project("{9A19103F-16F7-4668-BE54-9A1E7A4F7556}") = "Presentation", "Presentation\Presentation.csproj", "{FF510D9B-BB9B-4AB6-83A2-3080A3049C36}"
EndProject
Project("{9A19103F-16F7-4668-BE54-9A1E7A4F7556}") = "Domain", "Domain\Domain.csproj", "{8B567ECF-6B37-4F90-99E4-B444D3CAF64C}"
EndProject
Project("{9A19103F-16F7-4668-BE54-9A1E7A4F7556}") = "Persistence", "Persistence\Persistence.csproj", "{DD6F0491-6E6F-443C-8252-ADE78C7C7904}"
EndProject
Project("{9A19103F-16F7-4668-BE54-9A1E7A4F7556}") = "Application", "Application\Application.csproj", "{03E21AE3-010E-40C4-A1F4-1D606F35952B}"
EndProject
Project("{9A19103F-16F7-4668-BE54-9A1E7A4F7556}") = "Client", "Client\Client.csproj", "{7F512833-77FB-4E3F-BFFC-1593A86914C8}"
EndProject
Project("{9A19103F-16F7-4668-BE54-9A1E7A4F7556}") = "GrpcService", "gRPC\GrpcService\GrpcService.csproj", "{E0C0A227-3AAD-4012-8990-4F0796E44872}"
EndProject
Project("{9A19103F-16F7-4668-BE54-9A1E7A4F7556}") = "GrpcClient", "gRPC\GrpcClient\GrpcClient.csproj", "{62706B30-CD19-443A-99BC-6DA50F6634B1}"
EndProject
Project("{2150E333-8FDC-42A3-9474-1A3956D46DE8}") = "REST", "REST", "{17449D6D-ECFF-4692-976B-41D99D7FC9FB}"
EndProject
Project("{2150E333-8FDC-42A3-9474-1A3956D46DE8}") = "gRPC", "gRPC", "{0D2C64CD-9438-412B-96E0-D7818B45ECD2}"
EndProject
Project("{2150E333-8FDC-42A3-9474-1A3956D46DE8}") = "src", "src", "{138162E6-4ACD-4B44-A32E-78B40307A765}"
EndProject
Project("{FAE04EC0-301F-11D3-BF4B-00C04F79EFBC}") = "ApiTests", "ApiTests\ApiTests.csproj", "{FBB731EA-60FA-4171-BE6F-FEF5785E4197}"
EndProject
Project("{2150E333-8FDC-42A3-9474-1A3956D46DE8}") = "Solution Items", "Solution Items", "{40655846-D1D2-48F9-B63A-A10B0E242AAD}"
	ProjectSection(SolutionItems) = preProject
		komendy_testowe.txt = komendy_testowe.txt
		README.md = README.md
	EndProjectSection
EndProject
Global
	GlobalSection(SolutionConfigurationPlatforms) = preSolution
		Debug|Any CPU = Debug|Any CPU
		Release|Any CPU = Release|Any CPU
	EndGlobalSection
	GlobalSection(ProjectConfigurationPlatforms) = postSolution
		{FF510D9B-BB9B-4AB6-83A2-3080A3049C36}.Debug|Any CPU.ActiveCfg = Debug|Any CPU
		{FF510D9B-BB9B-4AB6-83A2-3080A3049C36}.Debug|Any CPU.Build.0 = Debug|Any CPU
		{FF510D9B-BB9B-4AB6-83A2-3080A3049C36}.Release|Any CPU.ActiveCfg = Release|Any CPU
		{FF510D9B-BB9B-4AB6-83A2-3080A3049C36}.Release|Any CPU.Build.0 = Release|Any CPU
		{8B567ECF-6B37-4F90-99E4-B444D3CAF64C}.Debug|Any CPU.ActiveCfg = Debug|Any CPU
		{8B567ECF-6B37-4F90-99E4-B444D3CAF64C}.Debug|Any CPU.Build.0 = Debug|Any CPU
		{8B567ECF-6B37-4F90-99E4-B444D3CAF64C}.Release|Any CPU.ActiveCfg = Release|Any CPU
		{8B567ECF-6B37-4F90-99E4-B444D3CAF64C}.Release|Any CPU.Build.0 = Release|Any CPU
		{DD6F0491-6E6F-443C-8252-ADE78C7C7904}.Debug|Any CPU.ActiveCfg = Debug|Any CPU
		{DD6F0491-6E6F-443C-8252-ADE78C7C7904}.Debug|Any CPU.Build.0 = Debug|Any CPU
		{DD6F0491-6E6F-443C-8252-ADE78C7C7904}.Release|Any CPU.ActiveCfg = Release|Any CPU
		{DD6F0491-6E6F-443C-8252-ADE78C7C7904}.Release|Any CPU.Build.0 = Release|Any CPU
		{03E21AE3-010E-40C4-A1F4-1D606F35952B}.Debug|Any CPU.ActiveCfg = Debug|Any CPU
		{03E21AE3-010E-40C4-A1F4-1D606F35952B}.Debug|Any CPU.Build.0 = Debug|Any CPU
		{03E21AE3-010E-40C4-A1F4-1D606F35952B}.Release|Any CPU.ActiveCfg = Release|Any CPU
		{03E21AE3-010E-40C4-A1F4-1D606F35952B}.Release|Any CPU.Build.0 = Release|Any CPU
		{7F512833-77FB-4E3F-BFFC-1593A86914C8}.Debug|Any CPU.ActiveCfg = Debug|Any CPU
		{7F512833-77FB-4E3F-BFFC-1593A86914C8}.Debug|Any CPU.Build.0 = Debug|Any CPU
		{7F512833-77FB-4E3F-BFFC-1593A86914C8}.Release|Any CPU.ActiveCfg = Release|Any CPU
		{7F512833-77FB-4E3F-BFFC-1593A86914C8}.Release|Any CPU.Build.0 = Release|Any CPU
		{E0C0A227-3AAD-4012-8990-4F0796E44872}.Debug|Any CPU.ActiveCfg = Debug|Any CPU
		{E0C0A227-3AAD-4012-8990-4F0796E44872}.Debug|Any CPU.Build.0 = Debug|Any CPU
		{E0C0A227-3AAD-4012-8990-4F0796E44872}.Release|Any CPU.ActiveCfg = Release|Any CPU
		{E0C0A227-3AAD-4012-8990-4F0796E44872}.Release|Any CPU.Build.0 = Release|Any CPU
		{62706B30-CD19-443A-99BC-6DA50F6634B1}.Debug|Any CPU.ActiveCfg = Debug|Any CPU
		{62706B30-CD19-443A-99BC-6DA50F6634B1}.Debug|Any CPU.Build.0 = Debug|Any CPU
		{62706B30-CD19-443A-99BC-6DA50F6634B1}.Release|Any CPU.ActiveCfg = Release|Any CPU
		{62706B30-CD19-443A-99BC-6DA50F6634B1}.Release|Any CPU.Build.0 = Release|Any CPU
		{FBB731EA-60FA-4171-BE6F-FEF5785E4197}.Debug|Any CPU.ActiveCfg = Debug|Any CPU
		{FBB731EA-60FA-4171-BE6F-FEF5785E4197}.Debug|Any CPU.Build.0 = Debug|Any CPU
		{FBB731EA-60FA-4171-BE6F-FEF5785E4197}.Release|Any CPU.ActiveCfg = Release|Any CPU
		{FBB731EA-60FA-4171-BE6F-FEF5785E4197}.Release|Any CPU.Build.0 = Release|Any CPU
	EndGlobalSection
	GlobalSection(SolutionProperties) = preSolution
		HideSolutionNode = FALSE
	EndGlobalSection
	GlobalSection(NestedProjects) = preSolution
		{FF510D9B-BB9B-4AB6-83A2-3080A3049C36} = {138162E6-4ACD-4B44-A32E-78B40307A765}
		{8B567ECF-6B37-4F90-99E4-B444D3CAF64C} = {138162E6-4ACD-4B44-A32E-78B40307A765}
		{DD6F0491-6E6F-443C-8252-ADE78C7C7904} = {138162E6-4ACD-4B44-A32E-78B40307A765}
		{03E21AE3-010E-40C4-A1F4-1D606F35952B} = {138162E6-4ACD-4B44-A32E-78B40307A765}
		{7F512833-77FB-4E3F-BFFC-1593A86914C8} = {17449D6D-ECFF-4692-976B-41D99D7FC9FB}
		{E0C0A227-3AAD-4012-8990-4F0796E44872} = {0D2C64CD-9438-412B-96E0-D7818B45ECD2}
		{62706B30-CD19-443A-99BC-6DA50F6634B1} = {0D2C64CD-9438-412B-96E0-D7818B45ECD2}
		{138162E6-4ACD-4B44-A32E-78B40307A765} = {17449D6D-ECFF-4692-976B-41D99D7FC9FB}
		{FBB731EA-60FA-4171-BE6F-FEF5785E4197} = {17449D6D-ECFF-4692-976B-41D99D7FC9FB}
	EndGlobalSection
	GlobalSection(ExtensibilityGlobals) = postSolution
		SolutionGuid = {120DD64D-684C-4486-A054-25DAD7F2F4D5}
	EndGlobalSection
EndGlobal
